
Microsoft Visual Studio Solution File, Format Version 12.00
# Visual Studio Version 17
VisualStudioVersion = 17.5.33502.453
MinimumVisualStudioVersion = 10.0.40219.1
Project("{FAE04EC0-301F-11D3-BF4B-00C04F79EFBC}") = "AnaokuluKatmanli", "AnaokuluKatmanli\AnaokuluKatmanli.csproj", "{59DBCFAC-F683-4513-A6D3-01CCD7EAD6CD}"
EndProject
Project("{FAE04EC0-301F-11D3-BF4B-00C04F79EFBC}") = "AnaokuluKatmanli.Model", "AnaokuluKatmanli.Model\AnaokuluKatmanli.Model.csproj", "{416C9E9B-F9B4-4850-9ECB-ED8D50AF2845}"
EndProject
Project("{FAE04EC0-301F-11D3-BF4B-00C04F79EFBC}") = "Anaokulu.Data", "Anaokulu.Data\Anaokulu.Data.csproj", "{533A3BC9-A64E-47A4-AD43-D2F4CBDD7E07}"
EndProject
Global
	GlobalSection(SolutionConfigurationPlatforms) = preSolution
		Debug|Any CPU = Debug|Any CPU
		Release|Any CPU = Release|Any CPU
	EndGlobalSection
	GlobalSection(ProjectConfigurationPlatforms) = postSolution
		{59DBCFAC-F683-4513-A6D3-01CCD7EAD6CD}.Debug|Any CPU.ActiveCfg = Debug|Any CPU
		{59DBCFAC-F683-4513-A6D3-01CCD7EAD6CD}.Debug|Any CPU.Build.0 = Debug|Any CPU
		{59DBCFAC-F683-4513-A6D3-01CCD7EAD6CD}.Release|Any CPU.ActiveCfg = Release|Any CPU
		{59DBCFAC-F683-4513-A6D3-01CCD7EAD6CD}.Release|Any CPU.Build.0 = Release|Any CPU
		{416C9E9B-F9B4-4850-9ECB-ED8D50AF2845}.Debug|Any CPU.ActiveCfg = Debug|Any CPU
		{416C9E9B-F9B4-4850-9ECB-ED8D50AF2845}.Debug|Any CPU.Build.0 = Debug|Any CPU
		{416C9E9B-F9B4-4850-9ECB-ED8D50AF2845}.Release|Any CPU.ActiveCfg = Release|Any CPU
		{416C9E9B-F9B4-4850-9ECB-ED8D50AF2845}.Release|Any CPU.Build.0 = Release|Any CPU
		{533A3BC9-A64E-47A4-AD43-D2F4CBDD7E07}.Debug|Any CPU.ActiveCfg = Debug|Any CPU
		{533A3BC9-A64E-47A4-AD43-D2F4CBDD7E07}.Debug|Any CPU.Build.0 = Debug|Any CPU
		{533A3BC9-A64E-47A4-AD43-D2F4CBDD7E07}.Release|Any CPU.ActiveCfg = Release|Any CPU
		{533A3BC9-A64E-47A4-AD43-D2F4CBDD7E07}.Release|Any CPU.Build.0 = Release|Any CPU
	EndGlobalSection
	GlobalSection(SolutionProperties) = preSolution
		HideSolutionNode = FALSE
	EndGlobalSection
	GlobalSection(ExtensibilityGlobals) = postSolution
		SolutionGuid = {6CEFC900-049E-4B81-B812-ED08B2196504}
	EndGlobalSection
EndGlobal
